
Microsoft Visual Studio Solution File, Format Version 12.00
# Visual Studio Version 16
VisualStudioVersion = 16.0.31025.194
MinimumVisualStudioVersion = 10.0.40219.1
Project("{FAE04EC0-301F-11D3-BF4B-00C04F79EFBC}") = "SchoolProject", "SchoolProject.csproj", "{CEEBCC2D-EF89-4005-B888-D534C2D2961F}"
EndProject
Global
	GlobalSection(SolutionConfigurationPlatforms) = preSolution
		Debug|Any CPU = Debug|Any CPU
		Release|Any CPU = Release|Any CPU
	EndGlobalSection
	GlobalSection(ProjectConfigurationPlatforms) = postSolution
		{CEEBCC2D-EF89-4005-B888-D534C2D2961F}.Debug|Any CPU.ActiveCfg = Debug|Any CPU
		{CEEBCC2D-EF89-4005-B888-D534C2D2961F}.Debug|Any CPU.Build.0 = Debug|Any CPU
		{CEEBCC2D-EF89-4005-B888-D534C2D2961F}.Release|Any CPU.ActiveCfg = Release|Any CPU
		{CEEBCC2D-EF89-4005-B888-D534C2D2961F}.Release|Any CPU.Build.0 = Release|Any CPU
	EndGlobalSection
	GlobalSection(SolutionProperties) = preSolution
		HideSolutionNode = FALSE
	EndGlobalSection
	GlobalSection(ExtensibilityGlobals) = postSolution
		SolutionGuid = {B024BB37-FA11-4815-A433-96706D771EE5}
	EndGlobalSection
EndGlobal
